
Microsoft Visual Studio Solution File, Format Version 12.00
# Visual Studio Version 17
VisualStudioVersion = 17.5.002.0
MinimumVisualStudioVersion = 10.0.40219.1
Project("{9A19103F-16F7-4668-BE54-9A1E7A4F7556}") = "questao1", "questao1.csproj", "{D9B8FF3F-678A-42DF-B106-D7B16B22970A}"
EndProject
Global
	GlobalSection(SolutionConfigurationPlatforms) = preSolution
		Debug|Any CPU = Debug|Any CPU
		Release|Any CPU = Release|Any CPU
	EndGlobalSection
	GlobalSection(ProjectConfigurationPlatforms) = postSolution
		{D9B8FF3F-678A-42DF-B106-D7B16B22970A}.Debug|Any CPU.ActiveCfg = Debug|Any CPU
		{D9B8FF3F-678A-42DF-B106-D7B16B22970A}.Debug|Any CPU.Build.0 = Debug|Any CPU
		{D9B8FF3F-678A-42DF-B106-D7B16B22970A}.Release|Any CPU.ActiveCfg = Release|Any CPU
		{D9B8FF3F-678A-42DF-B106-D7B16B22970A}.Release|Any CPU.Build.0 = Release|Any CPU
	EndGlobalSection
	GlobalSection(SolutionProperties) = preSolution
		HideSolutionNode = FALSE
	EndGlobalSection
	GlobalSection(ExtensibilityGlobals) = postSolution
		SolutionGuid = {5F11631D-1EEB-4D92-9CDA-3F656AE9CA91}
	EndGlobalSection
EndGlobal
